
Microsoft Visual Studio Solution File, Format Version 12.00
# Visual Studio 14
VisualStudioVersion = 14.0.23107.0
MinimumVisualStudioVersion = 10.0.40219.1
Project("{FAE04EC0-301F-11D3-BF4B-00C04F79EFBC}") = "Tip_Calculator", "Tip_Calculator\Tip_Calculator.csproj", "{EF6826C4-88D1-495D-BFD4-347DFBCB20D8}"
EndProject
Project("{FAE04EC0-301F-11D3-BF4B-00C04F79EFBC}") = "CodedUITestProject1", "CodedUITestProject1\CodedUITestProject1.csproj", "{53624F32-DCAC-4233-8140-ED593E74A2B1}"
EndProject
Global
	GlobalSection(SolutionConfigurationPlatforms) = preSolution
		Debug|Any CPU = Debug|Any CPU
		Release|Any CPU = Release|Any CPU
	EndGlobalSection
	GlobalSection(ProjectConfigurationPlatforms) = postSolution
		{EF6826C4-88D1-495D-BFD4-347DFBCB20D8}.Debug|Any CPU.ActiveCfg = Debug|Any CPU
		{EF6826C4-88D1-495D-BFD4-347DFBCB20D8}.Debug|Any CPU.Build.0 = Debug|Any CPU
		{EF6826C4-88D1-495D-BFD4-347DFBCB20D8}.Release|Any CPU.ActiveCfg = Release|Any CPU
		{EF6826C4-88D1-495D-BFD4-347DFBCB20D8}.Release|Any CPU.Build.0 = Release|Any CPU
		{53624F32-DCAC-4233-8140-ED593E74A2B1}.Debug|Any CPU.ActiveCfg = Debug|Any CPU
		{53624F32-DCAC-4233-8140-ED593E74A2B1}.Debug|Any CPU.Build.0 = Debug|Any CPU
		{53624F32-DCAC-4233-8140-ED593E74A2B1}.Release|Any CPU.ActiveCfg = Release|Any CPU
		{53624F32-DCAC-4233-8140-ED593E74A2B1}.Release|Any CPU.Build.0 = Release|Any CPU
	EndGlobalSection
	GlobalSection(SolutionProperties) = preSolution
		HideSolutionNode = FALSE
	EndGlobalSection
EndGlobal
